{
  "version": "0.0.0",
  "files": {
    "landscape.landscape.light.svg": "12669764cdb96708",
    "landscape.landscape.dark.svg": "f614edd1eb645c35",
    "landscape.orders.light.svg": "857dbfee92b59ded",
    "landscape.orders.dark.svg": "980da686686f0cc8",
    "landscape.orders-pci.light.svg": "7166257d8c8cf81c",
    "landscape.orders-pci.dark.svg": "78715ff054169d25",
    "landscape.orders-detail.light.svg": "5c614361ee5b1c99",
    "landscape.orders-detail.dark.svg": "2b1550e8932281bf"
  }
}
