{
  "version": "0.0.0",
  "files": {
    "landscape.landscape.light.svg": "3ac52bd54f548ca3",
    "landscape.landscape.dark.svg": "75e47acec6b3caae",
    "landscape.orders.light.svg": "95d28e8d6b34dd02",
    "landscape.orders.dark.svg": "c70a432e6d29cf22",
    "landscape.orders-pci.light.svg": "31f3514aed24c40e",
    "landscape.orders-pci.dark.svg": "c22bc342b3d1abd4",
    "landscape.orders-detail.light.svg": "3a8fb038b11ab221",
    "landscape.orders-detail.dark.svg": "f87f30a9de5ef312"
  }
}
