{
  "version": "0.0.0",
  "files": {
    "microservices.landscape.light.svg": "ebf409890a290816",
    "microservices.landscape.dark.svg": "e2df139989a8b0d6",
    "microservices.catalog.light.svg": "58ca15d7220c50d0",
    "microservices.catalog.dark.svg": "4dcdb0bd2aa5373f",
    "microservices.orders.light.svg": "bfefe003517efcd9",
    "microservices.orders.dark.svg": "305b21702e24a71f",
    "microservices.accounts.light.svg": "3693ef22d5d7d50e",
    "microservices.accounts.dark.svg": "646181b184b41ec0",
    "microservices.orders-pci.light.svg": "8b4750fd46bfbc39",
    "microservices.orders-pci.dark.svg": "ad9359e70e12071f",
    "microservices.checkout.light.svg": "f17582483ca917a8",
    "microservices.checkout.dark.svg": "adffafbccdb3f6c4"
  }
}
