{
  "version": "0.0.0",
  "files": {
    "storefront.landscape.light.svg": "fdc582ca1bc5afc2",
    "storefront.landscape.dark.svg": "bb2b21703bbf1cae",
    "storefront.orders.light.svg": "b14bde91f8837fcc",
    "storefront.orders.dark.svg": "be0bd79a8fc0d895",
    "storefront.orders-pci.light.svg": "f32f7af4fb07ebc9",
    "storefront.orders-pci.dark.svg": "ab83a20741feb6b0",
    "storefront.orders-detail.light.svg": "a5ca7fada23ed40a",
    "storefront.orders-detail.dark.svg": "d519332bef1c5987"
  }
}
